
Microsoft Visual Studio Solution File, Format Version 12.00
# Visual Studio Version 17
VisualStudioVersion = 17.11.35219.272
MinimumVisualStudioVersion = 10.0.40219.1
Project("{FAE04EC0-301F-11D3-BF4B-00C04F79EFBC}") = "SingletonDesignPattern", "SingletonDesignPattern\SingletonDesignPattern.csproj", "{5F69CE17-1E4A-47D3-8B00-1CECD6767C49}"
EndProject
Global
	GlobalSection(SolutionConfigurationPlatforms) = preSolution
		Debug|Any CPU = Debug|Any CPU
		Release|Any CPU = Release|Any CPU
	EndGlobalSection
	GlobalSection(ProjectConfigurationPlatforms) = postSolution
		{5F69CE17-1E4A-47D3-8B00-1CECD6767C49}.Debug|Any CPU.ActiveCfg = Debug|Any CPU
		{5F69CE17-1E4A-47D3-8B00-1CECD6767C49}.Debug|Any CPU.Build.0 = Debug|Any CPU
		{5F69CE17-1E4A-47D3-8B00-1CECD6767C49}.Release|Any CPU.ActiveCfg = Release|Any CPU
		{5F69CE17-1E4A-47D3-8B00-1CECD6767C49}.Release|Any CPU.Build.0 = Release|Any CPU
	EndGlobalSection
	GlobalSection(SolutionProperties) = preSolution
		HideSolutionNode = FALSE
	EndGlobalSection
	GlobalSection(ExtensibilityGlobals) = postSolution
		SolutionGuid = {F780016B-32AF-4593-A16D-1D9AB18A95B2}
	EndGlobalSection
EndGlobal
